
Microsoft Visual Studio Solution File, Format Version 12.00
# Visual Studio Version 17
VisualStudioVersion = 17.2.32616.157
MinimumVisualStudioVersion = 10.0.40219.1
Project("{FAE04EC0-301F-11D3-BF4B-00C04F79EFBC}") = "CRUD2B Leonardo", "CRUD2B Leonardo\CRUD2B Leonardo.csproj", "{C8FEEC06-A050-4B6C-9D3B-73AA110B51E7}"
EndProject
Global
	GlobalSection(SolutionConfigurationPlatforms) = preSolution
		Debug|Any CPU = Debug|Any CPU
		Release|Any CPU = Release|Any CPU
	EndGlobalSection
	GlobalSection(ProjectConfigurationPlatforms) = postSolution
		{C8FEEC06-A050-4B6C-9D3B-73AA110B51E7}.Debug|Any CPU.ActiveCfg = Debug|Any CPU
		{C8FEEC06-A050-4B6C-9D3B-73AA110B51E7}.Debug|Any CPU.Build.0 = Debug|Any CPU
		{C8FEEC06-A050-4B6C-9D3B-73AA110B51E7}.Release|Any CPU.ActiveCfg = Release|Any CPU
		{C8FEEC06-A050-4B6C-9D3B-73AA110B51E7}.Release|Any CPU.Build.0 = Release|Any CPU
	EndGlobalSection
	GlobalSection(SolutionProperties) = preSolution
		HideSolutionNode = FALSE
	EndGlobalSection
	GlobalSection(ExtensibilityGlobals) = postSolution
		SolutionGuid = {EEAAB109-49E1-4C27-818F-EE760FF9E576}
	EndGlobalSection
EndGlobal
