
Microsoft Visual Studio Solution File, Format Version 12.00
# Visual Studio Version 17
VisualStudioVersion = 17.2.32616.157
MinimumVisualStudioVersion = 10.0.40219.1
Project("{FAE04EC0-301F-11D3-BF4B-00C04F79EFBC}") = "Herança do Banco", "Herança do Banco\Herança do Banco.csproj", "{9C8535E3-A3ED-4A7E-9BB7-2B5863DC2D94}"
EndProject
Global
	GlobalSection(SolutionConfigurationPlatforms) = preSolution
		Debug|Any CPU = Debug|Any CPU
		Release|Any CPU = Release|Any CPU
	EndGlobalSection
	GlobalSection(ProjectConfigurationPlatforms) = postSolution
		{9C8535E3-A3ED-4A7E-9BB7-2B5863DC2D94}.Debug|Any CPU.ActiveCfg = Debug|Any CPU
		{9C8535E3-A3ED-4A7E-9BB7-2B5863DC2D94}.Debug|Any CPU.Build.0 = Debug|Any CPU
		{9C8535E3-A3ED-4A7E-9BB7-2B5863DC2D94}.Release|Any CPU.ActiveCfg = Release|Any CPU
		{9C8535E3-A3ED-4A7E-9BB7-2B5863DC2D94}.Release|Any CPU.Build.0 = Release|Any CPU
	EndGlobalSection
	GlobalSection(SolutionProperties) = preSolution
		HideSolutionNode = FALSE
	EndGlobalSection
	GlobalSection(ExtensibilityGlobals) = postSolution
		SolutionGuid = {849C9DB3-730B-4461-AA22-C97BC8558C2C}
	EndGlobalSection
EndGlobal
