
Microsoft Visual Studio Solution File, Format Version 12.00
# Visual Studio Version 17
VisualStudioVersion = 17.2.32616.157
MinimumVisualStudioVersion = 10.0.40219.1
Project("{FAE04EC0-301F-11D3-BF4B-00C04F79EFBC}") = "Herança", "Herança\Herança.csproj", "{5C92BAE5-9EF5-4E1C-B54A-B9B17316802B}"
EndProject
Global
	GlobalSection(SolutionConfigurationPlatforms) = preSolution
		Debug|Any CPU = Debug|Any CPU
		Release|Any CPU = Release|Any CPU
	EndGlobalSection
	GlobalSection(ProjectConfigurationPlatforms) = postSolution
		{5C92BAE5-9EF5-4E1C-B54A-B9B17316802B}.Debug|Any CPU.ActiveCfg = Debug|Any CPU
		{5C92BAE5-9EF5-4E1C-B54A-B9B17316802B}.Debug|Any CPU.Build.0 = Debug|Any CPU
		{5C92BAE5-9EF5-4E1C-B54A-B9B17316802B}.Release|Any CPU.ActiveCfg = Release|Any CPU
		{5C92BAE5-9EF5-4E1C-B54A-B9B17316802B}.Release|Any CPU.Build.0 = Release|Any CPU
	EndGlobalSection
	GlobalSection(SolutionProperties) = preSolution
		HideSolutionNode = FALSE
	EndGlobalSection
	GlobalSection(ExtensibilityGlobals) = postSolution
		SolutionGuid = {22C8202C-4D7C-4CA9-B9A6-F968C0063034}
	EndGlobalSection
EndGlobal
