
Microsoft Visual Studio Solution File, Format Version 12.00
# Visual Studio Version 17
VisualStudioVersion = 17.2.32616.157
MinimumVisualStudioVersion = 10.0.40219.1
Project("{FAE04EC0-301F-11D3-BF4B-00C04F79EFBC}") = "Polimorfismo Interface", "Polimorfismo Interface\Polimorfismo Interface.csproj", "{1BB7A98A-F345-46CB-9A65-052067FEAF4D}"
EndProject
Global
	GlobalSection(SolutionConfigurationPlatforms) = preSolution
		Debug|Any CPU = Debug|Any CPU
		Release|Any CPU = Release|Any CPU
	EndGlobalSection
	GlobalSection(ProjectConfigurationPlatforms) = postSolution
		{1BB7A98A-F345-46CB-9A65-052067FEAF4D}.Debug|Any CPU.ActiveCfg = Debug|Any CPU
		{1BB7A98A-F345-46CB-9A65-052067FEAF4D}.Debug|Any CPU.Build.0 = Debug|Any CPU
		{1BB7A98A-F345-46CB-9A65-052067FEAF4D}.Release|Any CPU.ActiveCfg = Release|Any CPU
		{1BB7A98A-F345-46CB-9A65-052067FEAF4D}.Release|Any CPU.Build.0 = Release|Any CPU
	EndGlobalSection
	GlobalSection(SolutionProperties) = preSolution
		HideSolutionNode = FALSE
	EndGlobalSection
	GlobalSection(ExtensibilityGlobals) = postSolution
		SolutionGuid = {D0298ABC-48DD-43E2-8AFC-BEDE760D8AEE}
	EndGlobalSection
EndGlobal
